// !$*UTF8*$!
{
	archiveVersion = 1;
	classes = {
	};
	objectVersion = 56;
	objects = {

/* Begin PBXBuildFile section */
		A49D9E792CB6A11000A3A85F /* RxSwift in Frameworks */ = {isa = PBXBuildFile; productRef = A49D9E782CB6A11000A3A85F /* RxSwift */; };
		A49D9E7C2CB6A14000A3A85F /* FilmlerDaoRepository.swift in Sources */ = {isa = PBXBuildFile; fileRef = A49D9E7B2CB6A14000A3A85F /* FilmlerDaoRepository.swift */; };
		A49D9E7F2CB6A16400A3A85F /* AnasayfaViewModel.swift in Sources */ = {isa = PBXBuildFile; fileRef = A49D9E7E2CB6A16400A3A85F /* AnasayfaViewModel.swift */; };
		A4A3A1722CB510870020E001 /* AppDelegate.swift in Sources */ = {isa = PBXBuildFile; fileRef = A4A3A1712CB510870020E001 /* AppDelegate.swift */; };
		A4A3A1742CB510870020E001 /* SceneDelegate.swift in Sources */ = {isa = PBXBuildFile; fileRef = A4A3A1732CB510870020E001 /* SceneDelegate.swift */; };
		A4A3A1762CB510870020E001 /* Anasayfa.swift in Sources */ = {isa = PBXBuildFile; fileRef = A4A3A1752CB510870020E001 /* Anasayfa.swift */; };
		A4A3A1792CB510870020E001 /* Base in Resources */ = {isa = PBXBuildFile; fileRef = A4A3A1782CB510870020E001 /* Base */; };
		A4A3A17B2CB510880020E001 /* Assets.xcassets in Resources */ = {isa = PBXBuildFile; fileRef = A4A3A17A2CB510880020E001 /* Assets.xcassets */; };
		A4A3A17E2CB510880020E001 /* Base in Resources */ = {isa = PBXBuildFile; fileRef = A4A3A17D2CB510880020E001 /* Base */; };
		A4A3A18B2CB511BF0020E001 /* Filmler.swift in Sources */ = {isa = PBXBuildFile; fileRef = A4A3A18A2CB511BF0020E001 /* Filmler.swift */; };
		A4A3A18D2CB512450020E001 /* DetaySayfa.swift in Sources */ = {isa = PBXBuildFile; fileRef = A4A3A18C2CB512450020E001 /* DetaySayfa.swift */; };
		A4A3A18F2CB515020020E001 /* FilmlerHucre.swift in Sources */ = {isa = PBXBuildFile; fileRef = A4A3A18E2CB515020020E001 /* FilmlerHucre.swift */; };
/* End PBXBuildFile section */

/* Begin PBXFileReference section */
		A49D9E7B2CB6A14000A3A85F /* FilmlerDaoRepository.swift */ = {isa = PBXFileReference; lastKnownFileType = sourcecode.swift; path = FilmlerDaoRepository.swift; sourceTree = "<group>"; };
		A49D9E7E2CB6A16400A3A85F /* AnasayfaViewModel.swift */ = {isa = PBXFileReference; lastKnownFileType = sourcecode.swift; path = AnasayfaViewModel.swift; sourceTree = "<group>"; };
		A4A3A16E2CB510870020E001 /* FilmlerApp.app */ = {isa = PBXFileReference; explicitFileType = wrapper.application; includeInIndex = 0; path = FilmlerApp.app; sourceTree = BUILT_PRODUCTS_DIR; };
		A4A3A1712CB510870020E001 /* AppDelegate.swift */ = {isa = PBXFileReference; lastKnownFileType = sourcecode.swift; path = AppDelegate.swift; sourceTree = "<group>"; };
		A4A3A1732CB510870020E001 /* SceneDelegate.swift */ = {isa = PBXFileReference; lastKnownFileType = sourcecode.swift; path = SceneDelegate.swift; sourceTree = "<group>"; };
		A4A3A1752CB510870020E001 /* Anasayfa.swift */ = {isa = PBXFileReference; lastKnownFileType = sourcecode.swift; path = Anasayfa.swift; sourceTree = "<group>"; };
		A4A3A1782CB510870020E001 /* Base */ = {isa = PBXFileReference; lastKnownFileType = file.storyboard; name = Base; path = Base.lproj/Main.storyboard; sourceTree = "<group>"; };
		A4A3A17A2CB510880020E001 /* Assets.xcassets */ = {isa = PBXFileReference; lastKnownFileType = folder.assetcatalog; path = Assets.xcassets; sourceTree = "<group>"; };
		A4A3A17D2CB510880020E001 /* Base */ = {isa = PBXFileReference; lastKnownFileType = file.storyboard; name = Base; path = Base.lproj/LaunchScreen.storyboard; sourceTree = "<group>"; };
		A4A3A17F2CB510880020E001 /* Info.plist */ = {isa = PBXFileReference; lastKnownFileType = text.plist.xml; path = Info.plist; sourceTree = "<group>"; };
		A4A3A18A2CB511BF0020E001 /* Filmler.swift */ = {isa = PBXFileReference; lastKnownFileType = sourcecode.swift; path = Filmler.swift; sourceTree = "<group>"; };
		A4A3A18C2CB512450020E001 /* DetaySayfa.swift */ = {isa = PBXFileReference; lastKnownFileType = sourcecode.swift; path = DetaySayfa.swift; sourceTree = "<group>"; };
		A4A3A18E2CB515020020E001 /* FilmlerHucre.swift */ = {isa = PBXFileReference; lastKnownFileType = sourcecode.swift; path = FilmlerHucre.swift; sourceTree = "<group>"; };
/* End PBXFileReference section */

/* Begin PBXFrameworksBuildPhase section */
		A4A3A16B2CB510870020E001 /* Frameworks */ = {
			isa = PBXFrameworksBuildPhase;
			buildActionMask = 2147483647;
			files = (
				A49D9E792CB6A11000A3A85F /* RxSwift in Frameworks */,
			);
			runOnlyForDeploymentPostprocessing = 0;
		};
/* End PBXFrameworksBuildPhase section */

/* Begin PBXGroup section */
		A49D9E7A2CB6A12A00A3A85F /* repo */ = {
			isa = PBXGroup;
			children = (
				A49D9E7B2CB6A14000A3A85F /* FilmlerDaoRepository.swift */,
			);
			path = repo;
			sourceTree = "<group>";
		};
		A49D9E7D2CB6A14E00A3A85F /* viewmodel */ = {
			isa = PBXGroup;
			children = (
				A49D9E7E2CB6A16400A3A85F /* AnasayfaViewModel.swift */,
			);
			path = viewmodel;
			sourceTree = "<group>";
		};
		A4A3A1652CB510870020E001 = {
			isa = PBXGroup;
			children = (
				A4A3A1702CB510870020E001 /* FilmlerApp */,
				A4A3A16F2CB510870020E001 /* Products */,
			);
			sourceTree = "<group>";
		};
		A4A3A16F2CB510870020E001 /* Products */ = {
			isa = PBXGroup;
			children = (
				A4A3A16E2CB510870020E001 /* FilmlerApp.app */,
			);
			name = Products;
			sourceTree = "<group>";
		};
		A4A3A1702CB510870020E001 /* FilmlerApp */ = {
			isa = PBXGroup;
			children = (
				A4A3A1712CB510870020E001 /* AppDelegate.swift */,
				A4A3A1732CB510870020E001 /* SceneDelegate.swift */,
				A4A3A1862CB5109D0020E001 /* ui */,
				A4A3A1852CB510970020E001 /* data */,
				A4A3A1772CB510870020E001 /* Main.storyboard */,
				A4A3A17A2CB510880020E001 /* Assets.xcassets */,
				A4A3A17C2CB510880020E001 /* LaunchScreen.storyboard */,
				A4A3A17F2CB510880020E001 /* Info.plist */,
			);
			path = FilmlerApp;
			sourceTree = "<group>";
		};
		A4A3A1852CB510970020E001 /* data */ = {
			isa = PBXGroup;
			children = (
				A49D9E7A2CB6A12A00A3A85F /* repo */,
				A4A3A1892CB510D90020E001 /* entity */,
			);
			path = data;
			sourceTree = "<group>";
		};
		A4A3A1862CB5109D0020E001 /* ui */ = {
			isa = PBXGroup;
			children = (
				A49D9E7D2CB6A14E00A3A85F /* viewmodel */,
				A4A3A1882CB510B70020E001 /* tableview */,
				A4A3A1872CB510A30020E001 /* views */,
			);
			path = ui;
			sourceTree = "<group>";
		};
		A4A3A1872CB510A30020E001 /* views */ = {
			isa = PBXGroup;
			children = (
				A4A3A1752CB510870020E001 /* Anasayfa.swift */,
				A4A3A18C2CB512450020E001 /* DetaySayfa.swift */,
			);
			path = views;
			sourceTree = "<group>";
		};
		A4A3A1882CB510B70020E001 /* tableview */ = {
			isa = PBXGroup;
			children = (
				A4A3A18E2CB515020020E001 /* FilmlerHucre.swift */,
			);
			path = tableview;
			sourceTree = "<group>";
		};
		A4A3A1892CB510D90020E001 /* entity */ = {
			isa = PBXGroup;
			children = (
				A4A3A18A2CB511BF0020E001 /* Filmler.swift */,
			);
			path = entity;
			sourceTree = "<group>";
		};
/* End PBXGroup section */

/* Begin PBXNativeTarget section */
		A4A3A16D2CB510870020E001 /* FilmlerApp */ = {
			isa = PBXNativeTarget;
			buildConfigurationList = A4A3A1822CB510880020E001 /* Build configuration list for PBXNativeTarget "FilmlerApp" */;
			buildPhases = (
				A4A3A16A2CB510870020E001 /* Sources */,
				A4A3A16B2CB510870020E001 /* Frameworks */,
				A4A3A16C2CB510870020E001 /* Resources */,
			);
			buildRules = (
			);
			dependencies = (
			);
			name = FilmlerApp;
			packageProductDependencies = (
				A49D9E782CB6A11000A3A85F /* RxSwift */,
			);
			productName = FilmlerApp;
			productReference = A4A3A16E2CB510870020E001 /* FilmlerApp.app */;
			productType = "com.apple.product-type.application";
		};
/* End PBXNativeTarget section */

/* Begin PBXProject section */
		A4A3A1662CB510870020E001 /* Project object */ = {
			isa = PBXProject;
			attributes = {
				BuildIndependentTargetsInParallel = 1;
				LastSwiftUpdateCheck = 1530;
				LastUpgradeCheck = 1530;
				TargetAttributes = {
					A4A3A16D2CB510870020E001 = {
						CreatedOnToolsVersion = 15.3;
					};
				};
			};
			buildConfigurationList = A4A3A1692CB510870020E001 /* Build configuration list for PBXProject "FilmlerApp" */;
			compatibilityVersion = "Xcode 14.0";
			developmentRegion = en;
			hasScannedForEncodings = 0;
			knownRegions = (
				en,
				Base,
			);
			mainGroup = A4A3A1652CB510870020E001;
			packageReferences = (
				A49D9E772CB6A11000A3A85F /* XCRemoteSwiftPackageReference "RxSwift" */,
			);
			productRefGroup = A4A3A16F2CB510870020E001 /* Products */;
			projectDirPath = "";
			projectRoot = "";
			targets = (
				A4A3A16D2CB510870020E001 /* FilmlerApp */,
			);
		};
/* End PBXProject section */

/* Begin PBXResourcesBuildPhase section */
		A4A3A16C2CB510870020E001 /* Resources */ = {
			isa = PBXResourcesBuildPhase;
			buildActionMask = 2147483647;
			files = (
				A4A3A17B2CB510880020E001 /* Assets.xcassets in Resources */,
				A4A3A17E2CB510880020E001 /* Base in Resources */,
				A4A3A1792CB510870020E001 /* Base in Resources */,
			);
			runOnlyForDeploymentPostprocessing = 0;
		};
/* End PBXResourcesBuildPhase section */

/* Begin PBXSourcesBuildPhase section */
		A4A3A16A2CB510870020E001 /* Sources */ = {
			isa = PBXSourcesBuildPhase;
			buildActionMask = 2147483647;
			files = (
				A4A3A1762CB510870020E001 /* Anasayfa.swift in Sources */,
				A4A3A1722CB510870020E001 /* AppDelegate.swift in Sources */,
				A49D9E7F2CB6A16400A3A85F /* AnasayfaViewModel.swift in Sources */,
				A4A3A1742CB510870020E001 /* SceneDelegate.swift in Sources */,
				A4A3A18D2CB512450020E001 /* DetaySayfa.swift in Sources */,
				A4A3A18B2CB511BF0020E001 /* Filmler.swift in Sources */,
				A4A3A18F2CB515020020E001 /* FilmlerHucre.swift in Sources */,
				A49D9E7C2CB6A14000A3A85F /* FilmlerDaoRepository.swift in Sources */,
			);
			runOnlyForDeploymentPostprocessing = 0;
		};
/* End PBXSourcesBuildPhase section */

/* Begin PBXVariantGroup section */
		A4A3A1772CB510870020E001 /* Main.storyboard */ = {
			isa = PBXVariantGroup;
			children = (
				A4A3A1782CB510870020E001 /* Base */,
			);
			name = Main.storyboard;
			sourceTree = "<group>";
		};
		A4A3A17C2CB510880020E001 /* LaunchScreen.storyboard */ = {
			isa = PBXVariantGroup;
			children = (
				A4A3A17D2CB510880020E001 /* Base */,
			);
			name = LaunchScreen.storyboard;
			sourceTree = "<group>";
		};
/* End PBXVariantGroup section */

/* Begin XCBuildConfiguration section */
		A4A3A1802CB510880020E001 /* Debug */ = {
			isa = XCBuildConfiguration;
			buildSettings = {
				ALWAYS_SEARCH_USER_PATHS = NO;
				ASSETCATALOG_COMPILER_GENERATE_SWIFT_ASSET_SYMBOL_EXTENSIONS = YES;
				CLANG_ANALYZER_NONNULL = YES;
				CLANG_ANALYZER_NUMBER_OBJECT_CONVERSION = YES_AGGRESSIVE;
				CLANG_CXX_LANGUAGE_STANDARD = "gnu++20";
				CLANG_ENABLE_MODULES = YES;
				CLANG_ENABLE_OBJC_ARC = YES;
				CLANG_ENABLE_OBJC_WEAK = YES;
				CLANG_WARN_BLOCK_CAPTURE_AUTORELEASING = YES;
				CLANG_WARN_BOOL_CONVERSION = YES;
				CLANG_WARN_COMMA = YES;
				CLANG_WARN_CONSTANT_CONVERSION = YES;
				CLANG_WARN_DEPRECATED_OBJC_IMPLEMENTATIONS = YES;
				CLANG_WARN_DIRECT_OBJC_ISA_USAGE = YES_ERROR;
				CLANG_WARN_DOCUMENTATION_COMMENTS = YES;
				CLANG_WARN_EMPTY_BODY = YES;
				CLANG_WARN_ENUM_CONVERSION = YES;
				CLANG_WARN_INFINITE_RECURSION = YES;
				CLANG_WARN_INT_CONVERSION = YES;
				CLANG_WARN_NON_LITERAL_NULL_CONVERSION = YES;
				CLANG_WARN_OBJC_IMPLICIT_RETAIN_SELF = YES;
				CLANG_WARN_OBJC_LITERAL_CONVERSION = YES;
				CLANG_WARN_OBJC_ROOT_CLASS = YES_ERROR;
				CLANG_WARN_QUOTED_INCLUDE_IN_FRAMEWORK_HEADER = YES;
				CLANG_WARN_RANGE_LOOP_ANALYSIS = YES;
				CLANG_WARN_STRICT_PROTOTYPES = YES;
				CLANG_WARN_SUSPICIOUS_MOVE = YES;
				CLANG_WARN_UNGUARDED_AVAILABILITY = YES_AGGRESSIVE;
				CLANG_WARN_UNREACHABLE_CODE = YES;
				CLANG_WARN__DUPLICATE_METHOD_MATCH = YES;
				COPY_PHASE_STRIP = NO;
				DEBUG_INFORMATION_FORMAT = dwarf;
				ENABLE_STRICT_OBJC_MSGSEND = YES;
				ENABLE_TESTABILITY = YES;
				ENABLE_USER_SCRIPT_SANDBOXING = YES;
				GCC_C_LANGUAGE_STANDARD = gnu17;
				GCC_DYNAMIC_NO_PIC = NO;
				GCC_NO_COMMON_BLOCKS = YES;
				GCC_OPTIMIZATION_LEVEL = 0;
				GCC_PREPROCESSOR_DEFINITIONS = (
					"DEBUG=1",
					"$(inherited)",
				);
				GCC_WARN_64_TO_32_BIT_CONVERSION = YES;
				GCC_WARN_ABOUT_RETURN_TYPE = YES_ERROR;
				GCC_WARN_UNDECLARED_SELECTOR = YES;
				GCC_WARN_UNINITIALIZED_AUTOS = YES_AGGRESSIVE;
				GCC_WARN_UNUSED_FUNCTION = YES;
				GCC_WARN_UNUSED_VARIABLE = YES;
				IPHONEOS_DEPLOYMENT_TARGET = 17.4;
				LOCALIZATION_PREFERS_STRING_CATALOGS = YES;
				MTL_ENABLE_DEBUG_INFO = INCLUDE_SOURCE;
				MTL_FAST_MATH = YES;
				ONLY_ACTIVE_ARCH = YES;
				SDKROOT = iphoneos;
				SWIFT_ACTIVE_COMPILATION_CONDITIONS = "DEBUG $(inherited)";
				SWIFT_OPTIMIZATION_LEVEL = "-Onone";
			};
			name = Debug;
		};
		A4A3A1812CB510880020E001 /* Release */ = {
			isa = XCBuildConfiguration;
			buildSettings = {
				ALWAYS_SEARCH_USER_PATHS = NO;
				ASSETCATALOG_COMPILER_GENERATE_SWIFT_ASSET_SYMBOL_EXTENSIONS = YES;
				CLANG_ANALYZER_NONNULL = YES;
				CLANG_ANALYZER_NUMBER_OBJECT_CONVERSION = YES_AGGRESSIVE;
				CLANG_CXX_LANGUAGE_STANDARD = "gnu++20";
				CLANG_ENABLE_MODULES = YES;
				CLANG_ENABLE_OBJC_ARC = YES;
				CLANG_ENABLE_OBJC_WEAK = YES;
				CLANG_WARN_BLOCK_CAPTURE_AUTORELEASING = YES;
				CLANG_WARN_BOOL_CONVERSION = YES;
				CLANG_WARN_COMMA = YES;
				CLANG_WARN_CONSTANT_CONVERSION = YES;
				CLANG_WARN_DEPRECATED_OBJC_IMPLEMENTATIONS = YES;
				CLANG_WARN_DIRECT_OBJC_ISA_USAGE = YES_ERROR;
				CLANG_WARN_DOCUMENTATION_COMMENTS = YES;
				CLANG_WARN_EMPTY_BODY = YES;
				CLANG_WARN_ENUM_CONVERSION = YES;
				CLANG_WARN_INFINITE_RECURSION = YES;
				CLANG_WARN_INT_CONVERSION = YES;
				CLANG_WARN_NON_LITERAL_NULL_CONVERSION = YES;
				CLANG_WARN_OBJC_IMPLICIT_RETAIN_SELF = YES;
				CLANG_WARN_OBJC_LITERAL_CONVERSION = YES;
				CLANG_WARN_OBJC_ROOT_CLASS = YES_ERROR;
				CLANG_WARN_QUOTED_INCLUDE_IN_FRAMEWORK_HEADER = YES;
				CLANG_WARN_RANGE_LOOP_ANALYSIS = YES;
				CLANG_WARN_STRICT_PROTOTYPES = YES;
				CLANG_WARN_SUSPICIOUS_MOVE = YES;
				CLANG_WARN_UNGUARDED_AVAILABILITY = YES_AGGRESSIVE;
				CLANG_WARN_UNREACHABLE_CODE = YES;
				CLANG_WARN__DUPLICATE_METHOD_MATCH = YES;
				COPY_PHASE_STRIP = NO;
				DEBUG_INFORMATION_FORMAT = "dwarf-with-dsym";
				ENABLE_NS_ASSERTIONS = NO;
				ENABLE_STRICT_OBJC_MSGSEND = YES;
				ENABLE_USER_SCRIPT_SANDBOXING = YES;
				GCC_C_LANGUAGE_STANDARD = gnu17;
				GCC_NO_COMMON_BLOCKS = YES;
				GCC_WARN_64_TO_32_BIT_CONVERSION = YES;
				GCC_WARN_ABOUT_RETURN_TYPE = YES_ERROR;
				GCC_WARN_UNDECLARED_SELECTOR = YES;
				GCC_WARN_UNINITIALIZED_AUTOS = YES_AGGRESSIVE;
				GCC_WARN_UNUSED_FUNCTION = YES;
				GCC_WARN_UNUSED_VARIABLE = YES;
				IPHONEOS_DEPLOYMENT_TARGET = 17.4;
				LOCALIZATION_PREFERS_STRING_CATALOGS = YES;
				MTL_ENABLE_DEBUG_INFO = NO;
				MTL_FAST_MATH = YES;
				SDKROOT = iphoneos;
				SWIFT_COMPILATION_MODE = wholemodule;
				VALIDATE_PRODUCT = YES;
			};
			name = Release;
		};
		A4A3A1832CB510880020E001 /* Debug */ = {
			isa = XCBuildConfiguration;
			buildSettings = {
				ASSETCATALOG_COMPILER_APPICON_NAME = AppIcon;
				ASSETCATALOG_COMPILER_GLOBAL_ACCENT_COLOR_NAME = AccentColor;
				CODE_SIGN_STYLE = Automatic;
				CURRENT_PROJECT_VERSION = 1;
				GENERATE_INFOPLIST_FILE = YES;
				INFOPLIST_FILE = FilmlerApp/Info.plist;
				INFOPLIST_KEY_UIApplicationSupportsIndirectInputEvents = YES;
				INFOPLIST_KEY_UILaunchStoryboardName = LaunchScreen;
				INFOPLIST_KEY_UIMainStoryboardFile = Main;
				INFOPLIST_KEY_UISupportedInterfaceOrientations_iPad = "UIInterfaceOrientationPortrait UIInterfaceOrientationPortraitUpsideDown UIInterfaceOrientationLandscapeLeft UIInterfaceOrientationLandscapeRight";
				INFOPLIST_KEY_UISupportedInterfaceOrientations_iPhone = "UIInterfaceOrientationPortrait UIInterfaceOrientationLandscapeLeft UIInterfaceOrientationLandscapeRight";
				LD_RUNPATH_SEARCH_PATHS = (
					"$(inherited)",
					"@executable_path/Frameworks",
				);
				MARKETING_VERSION = 1.0;
				PRODUCT_BUNDLE_IDENTIFIER = com.sumeyyesudeince.FilmlerApp;
				PRODUCT_NAME = "$(TARGET_NAME)";
				SWIFT_EMIT_LOC_STRINGS = YES;
				SWIFT_VERSION = 5.0;
				TARGETED_DEVICE_FAMILY = "1,2";
			};
			name = Debug;
		};
		A4A3A1842CB510880020E001 /* Release */ = {
			isa = XCBuildConfiguration;
			buildSettings = {
				ASSETCATALOG_COMPILER_APPICON_NAME = AppIcon;
				ASSETCATALOG_COMPILER_GLOBAL_ACCENT_COLOR_NAME = AccentColor;
				CODE_SIGN_STYLE = Automatic;
				CURRENT_PROJECT_VERSION = 1;
				GENERATE_INFOPLIST_FILE = YES;
				INFOPLIST_FILE = FilmlerApp/Info.plist;
				INFOPLIST_KEY_UIApplicationSupportsIndirectInputEvents = YES;
				INFOPLIST_KEY_UILaunchStoryboardName = LaunchScreen;
				INFOPLIST_KEY_UIMainStoryboardFile = Main;
				INFOPLIST_KEY_UISupportedInterfaceOrientations_iPad = "UIInterfaceOrientationPortrait UIInterfaceOrientationPortraitUpsideDown UIInterfaceOrientationLandscapeLeft UIInterfaceOrientationLandscapeRight";
				INFOPLIST_KEY_UISupportedInterfaceOrientations_iPhone = "UIInterfaceOrientationPortrait UIInterfaceOrientationLandscapeLeft UIInterfaceOrientationLandscapeRight";
				LD_RUNPATH_SEARCH_PATHS = (
					"$(inherited)",
					"@executable_path/Frameworks",
				);
				MARKETING_VERSION = 1.0;
				PRODUCT_BUNDLE_IDENTIFIER = com.sumeyyesudeince.FilmlerApp;
				PRODUCT_NAME = "$(TARGET_NAME)";
				SWIFT_EMIT_LOC_STRINGS = YES;
				SWIFT_VERSION = 5.0;
				TARGETED_DEVICE_FAMILY = "1,2";
			};
			name = Release;
		};
/* End XCBuildConfiguration section */

/* Begin XCConfigurationList section */
		A4A3A1692CB510870020E001 /* Build configuration list for PBXProject "FilmlerApp" */ = {
			isa = XCConfigurationList;
			buildConfigurations = (
				A4A3A1802CB510880020E001 /* Debug */,
				A4A3A1812CB510880020E001 /* Release */,
			);
			defaultConfigurationIsVisible = 0;
			defaultConfigurationName = Release;
		};
		A4A3A1822CB510880020E001 /* Build configuration list for PBXNativeTarget "FilmlerApp" */ = {
			isa = XCConfigurationList;
			buildConfigurations = (
				A4A3A1832CB510880020E001 /* Debug */,
				A4A3A1842CB510880020E001 /* Release */,
			);
			defaultConfigurationIsVisible = 0;
			defaultConfigurationName = Release;
		};
/* End XCConfigurationList section */

/* Begin XCRemoteSwiftPackageReference section */
		A49D9E772CB6A11000A3A85F /* XCRemoteSwiftPackageReference "RxSwift" */ = {
			isa = XCRemoteSwiftPackageReference;
			repositoryURL = "https://github.com/ReactiveX/RxSwift.git";
			requirement = {
				kind = upToNextMajorVersion;
				minimumVersion = 6.8.0;
			};
		};
/* End XCRemoteSwiftPackageReference section */

/* Begin XCSwiftPackageProductDependency section */
		A49D9E782CB6A11000A3A85F /* RxSwift */ = {
			isa = XCSwiftPackageProductDependency;
			package = A49D9E772CB6A11000A3A85F /* XCRemoteSwiftPackageReference "RxSwift" */;
			productName = RxSwift;
		};
/* End XCSwiftPackageProductDependency section */
	};
	rootObject = A4A3A1662CB510870020E001 /* Project object */;
}
