// !$*UTF8*$!
{
	archiveVersion = 1;
	classes = {
	};
	objectVersion = 56;
	objects = {

/* Begin PBXBuildFile section */
		A44065E42CB3B7FB005C3960 /* AppDelegate.swift in Sources */ = {isa = PBXBuildFile; fileRef = A44065E32CB3B7FB005C3960 /* AppDelegate.swift */; };
		A44065E62CB3B7FB005C3960 /* SceneDelegate.swift in Sources */ = {isa = PBXBuildFile; fileRef = A44065E52CB3B7FB005C3960 /* SceneDelegate.swift */; };
		A44065E82CB3B7FB005C3960 /* Anasayfa.swift in Sources */ = {isa = PBXBuildFile; fileRef = A44065E72CB3B7FB005C3960 /* Anasayfa.swift */; };
		A44065EB2CB3B7FB005C3960 /* Base in Resources */ = {isa = PBXBuildFile; fileRef = A44065EA2CB3B7FB005C3960 /* Base */; };
		A44065ED2CB3B7FC005C3960 /* Assets.xcassets in Resources */ = {isa = PBXBuildFile; fileRef = A44065EC2CB3B7FC005C3960 /* Assets.xcassets */; };
		A44065F02CB3B7FC005C3960 /* Base in Resources */ = {isa = PBXBuildFile; fileRef = A44065EF2CB3B7FC005C3960 /* Base */; };
		A44065FC2CB3BA18005C3960 /* KisiKayit.swift in Sources */ = {isa = PBXBuildFile; fileRef = A44065FB2CB3BA18005C3960 /* KisiKayit.swift */; };
		A44065FF2CB3BA3D005C3960 /* KisiDetay.swift in Sources */ = {isa = PBXBuildFile; fileRef = A44065FE2CB3BA3D005C3960 /* KisiDetay.swift */; };
		A44066012CB3BB36005C3960 /* Kisiler.swift in Sources */ = {isa = PBXBuildFile; fileRef = A44066002CB3BB36005C3960 /* Kisiler.swift */; };
		A44066042CB3CDC3005C3960 /* KisilerHucre.swift in Sources */ = {isa = PBXBuildFile; fileRef = A44066032CB3CDC3005C3960 /* KisilerHucre.swift */; };
		A464BCA02CB57B9000C59EA3 /* RxSwift in Frameworks */ = {isa = PBXBuildFile; productRef = A464BC9F2CB57B9000C59EA3 /* RxSwift */; };
		A464BCA32CB57BD100C59EA3 /* KisilerDaoRepository.swift in Sources */ = {isa = PBXBuildFile; fileRef = A464BCA22CB57BD100C59EA3 /* KisilerDaoRepository.swift */; };
		A464BCA62CB57BFB00C59EA3 /* AnasayfaViewModel.swift in Sources */ = {isa = PBXBuildFile; fileRef = A464BCA52CB57BFB00C59EA3 /* AnasayfaViewModel.swift */; };
		A464BCA82CB57C1900C59EA3 /* KisiKayitViewModel.swift in Sources */ = {isa = PBXBuildFile; fileRef = A464BCA72CB57C1900C59EA3 /* KisiKayitViewModel.swift */; };
		A464BCAA2CB57C3200C59EA3 /* KisiDetayViewModel.swift in Sources */ = {isa = PBXBuildFile; fileRef = A464BCA92CB57C3200C59EA3 /* KisiDetayViewModel.swift */; };
/* End PBXBuildFile section */

/* Begin PBXFileReference section */
		A44065E02CB3B7FB005C3960 /* KisilerUygulamasi.app */ = {isa = PBXFileReference; explicitFileType = wrapper.application; includeInIndex = 0; path = KisilerUygulamasi.app; sourceTree = BUILT_PRODUCTS_DIR; };
		A44065E32CB3B7FB005C3960 /* AppDelegate.swift */ = {isa = PBXFileReference; lastKnownFileType = sourcecode.swift; path = AppDelegate.swift; sourceTree = "<group>"; };
		A44065E52CB3B7FB005C3960 /* SceneDelegate.swift */ = {isa = PBXFileReference; lastKnownFileType = sourcecode.swift; path = SceneDelegate.swift; sourceTree = "<group>"; };
		A44065E72CB3B7FB005C3960 /* Anasayfa.swift */ = {isa = PBXFileReference; lastKnownFileType = sourcecode.swift; path = Anasayfa.swift; sourceTree = "<group>"; };
		A44065EA2CB3B7FB005C3960 /* Base */ = {isa = PBXFileReference; lastKnownFileType = file.storyboard; name = Base; path = Base.lproj/Main.storyboard; sourceTree = "<group>"; };
		A44065EC2CB3B7FC005C3960 /* Assets.xcassets */ = {isa = PBXFileReference; lastKnownFileType = folder.assetcatalog; path = Assets.xcassets; sourceTree = "<group>"; };
		A44065EF2CB3B7FC005C3960 /* Base */ = {isa = PBXFileReference; lastKnownFileType = file.storyboard; name = Base; path = Base.lproj/LaunchScreen.storyboard; sourceTree = "<group>"; };
		A44065F12CB3B7FC005C3960 /* Info.plist */ = {isa = PBXFileReference; lastKnownFileType = text.plist.xml; path = Info.plist; sourceTree = "<group>"; };
		A44065FB2CB3BA18005C3960 /* KisiKayit.swift */ = {isa = PBXFileReference; lastKnownFileType = sourcecode.swift; path = KisiKayit.swift; sourceTree = "<group>"; };
		A44065FE2CB3BA3D005C3960 /* KisiDetay.swift */ = {isa = PBXFileReference; lastKnownFileType = sourcecode.swift; path = KisiDetay.swift; sourceTree = "<group>"; };
		A44066002CB3BB36005C3960 /* Kisiler.swift */ = {isa = PBXFileReference; lastKnownFileType = sourcecode.swift; path = Kisiler.swift; sourceTree = "<group>"; };
		A44066032CB3CDC3005C3960 /* KisilerHucre.swift */ = {isa = PBXFileReference; lastKnownFileType = sourcecode.swift; path = KisilerHucre.swift; sourceTree = "<group>"; };
		A464BCA22CB57BD100C59EA3 /* KisilerDaoRepository.swift */ = {isa = PBXFileReference; lastKnownFileType = sourcecode.swift; path = KisilerDaoRepository.swift; sourceTree = "<group>"; };
		A464BCA52CB57BFB00C59EA3 /* AnasayfaViewModel.swift */ = {isa = PBXFileReference; lastKnownFileType = sourcecode.swift; path = AnasayfaViewModel.swift; sourceTree = "<group>"; };
		A464BCA72CB57C1900C59EA3 /* KisiKayitViewModel.swift */ = {isa = PBXFileReference; lastKnownFileType = sourcecode.swift; path = KisiKayitViewModel.swift; sourceTree = "<group>"; };
		A464BCA92CB57C3200C59EA3 /* KisiDetayViewModel.swift */ = {isa = PBXFileReference; lastKnownFileType = sourcecode.swift; path = KisiDetayViewModel.swift; sourceTree = "<group>"; };
/* End PBXFileReference section */

/* Begin PBXFrameworksBuildPhase section */
		A44065DD2CB3B7FB005C3960 /* Frameworks */ = {
			isa = PBXFrameworksBuildPhase;
			buildActionMask = 2147483647;
			files = (
				A464BCA02CB57B9000C59EA3 /* RxSwift in Frameworks */,
			);
			runOnlyForDeploymentPostprocessing = 0;
		};
/* End PBXFrameworksBuildPhase section */

/* Begin PBXGroup section */
		A44065D72CB3B7FA005C3960 = {
			isa = PBXGroup;
			children = (
				A44065E22CB3B7FB005C3960 /* KisilerUygulamasi */,
				A44065E12CB3B7FB005C3960 /* Products */,
			);
			sourceTree = "<group>";
		};
		A44065E12CB3B7FB005C3960 /* Products */ = {
			isa = PBXGroup;
			children = (
				A44065E02CB3B7FB005C3960 /* KisilerUygulamasi.app */,
			);
			name = Products;
			sourceTree = "<group>";
		};
		A44065E22CB3B7FB005C3960 /* KisilerUygulamasi */ = {
			isa = PBXGroup;
			children = (
				A44065E32CB3B7FB005C3960 /* AppDelegate.swift */,
				A44065E52CB3B7FB005C3960 /* SceneDelegate.swift */,
				A44065F82CB3B9AF005C3960 /* ui */,
				A44065F72CB3B9AA005C3960 /* data */,
				A44065E92CB3B7FB005C3960 /* Main.storyboard */,
				A44065EC2CB3B7FC005C3960 /* Assets.xcassets */,
				A44065EE2CB3B7FC005C3960 /* LaunchScreen.storyboard */,
				A44065F12CB3B7FC005C3960 /* Info.plist */,
			);
			path = KisilerUygulamasi;
			sourceTree = "<group>";
		};
		A44065F72CB3B9AA005C3960 /* data */ = {
			isa = PBXGroup;
			children = (
				A464BCA12CB57BAF00C59EA3 /* repo */,
				A44065F92CB3B9CB005C3960 /* entity */,
			);
			path = data;
			sourceTree = "<group>";
		};
		A44065F82CB3B9AF005C3960 /* ui */ = {
			isa = PBXGroup;
			children = (
				A464BCA42CB57BE900C59EA3 /* viewModel */,
				A44066022CB3CDA0005C3960 /* tableview */,
				A44065FA2CB3B9DF005C3960 /* views */,
			);
			path = ui;
			sourceTree = "<group>";
		};
		A44065F92CB3B9CB005C3960 /* entity */ = {
			isa = PBXGroup;
			children = (
				A44066002CB3BB36005C3960 /* Kisiler.swift */,
			);
			path = entity;
			sourceTree = "<group>";
		};
		A44065FA2CB3B9DF005C3960 /* views */ = {
			isa = PBXGroup;
			children = (
				A44065E72CB3B7FB005C3960 /* Anasayfa.swift */,
				A44065FB2CB3BA18005C3960 /* KisiKayit.swift */,
				A44065FE2CB3BA3D005C3960 /* KisiDetay.swift */,
			);
			path = views;
			sourceTree = "<group>";
		};
		A44066022CB3CDA0005C3960 /* tableview */ = {
			isa = PBXGroup;
			children = (
				A44066032CB3CDC3005C3960 /* KisilerHucre.swift */,
			);
			path = tableview;
			sourceTree = "<group>";
		};
		A464BCA12CB57BAF00C59EA3 /* repo */ = {
			isa = PBXGroup;
			children = (
				A464BCA22CB57BD100C59EA3 /* KisilerDaoRepository.swift */,
			);
			path = repo;
			sourceTree = "<group>";
		};
		A464BCA42CB57BE900C59EA3 /* viewModel */ = {
			isa = PBXGroup;
			children = (
				A464BCA52CB57BFB00C59EA3 /* AnasayfaViewModel.swift */,
				A464BCA72CB57C1900C59EA3 /* KisiKayitViewModel.swift */,
				A464BCA92CB57C3200C59EA3 /* KisiDetayViewModel.swift */,
			);
			path = viewModel;
			sourceTree = "<group>";
		};
/* End PBXGroup section */

/* Begin PBXNativeTarget section */
		A44065DF2CB3B7FB005C3960 /* KisilerUygulamasi */ = {
			isa = PBXNativeTarget;
			buildConfigurationList = A44065F42CB3B7FC005C3960 /* Build configuration list for PBXNativeTarget "KisilerUygulamasi" */;
			buildPhases = (
				A44065DC2CB3B7FB005C3960 /* Sources */,
				A44065DD2CB3B7FB005C3960 /* Frameworks */,
				A44065DE2CB3B7FB005C3960 /* Resources */,
			);
			buildRules = (
			);
			dependencies = (
			);
			name = KisilerUygulamasi;
			packageProductDependencies = (
				A464BC9F2CB57B9000C59EA3 /* RxSwift */,
			);
			productName = KisilerUygulamasi;
			productReference = A44065E02CB3B7FB005C3960 /* KisilerUygulamasi.app */;
			productType = "com.apple.product-type.application";
		};
/* End PBXNativeTarget section */

/* Begin PBXProject section */
		A44065D82CB3B7FA005C3960 /* Project object */ = {
			isa = PBXProject;
			attributes = {
				BuildIndependentTargetsInParallel = 1;
				LastSwiftUpdateCheck = 1530;
				LastUpgradeCheck = 1530;
				TargetAttributes = {
					A44065DF2CB3B7FB005C3960 = {
						CreatedOnToolsVersion = 15.3;
					};
				};
			};
			buildConfigurationList = A44065DB2CB3B7FA005C3960 /* Build configuration list for PBXProject "KisilerUygulamasi" */;
			compatibilityVersion = "Xcode 14.0";
			developmentRegion = en;
			hasScannedForEncodings = 0;
			knownRegions = (
				en,
				Base,
			);
			mainGroup = A44065D72CB3B7FA005C3960;
			packageReferences = (
				A464BC9E2CB57B9000C59EA3 /* XCRemoteSwiftPackageReference "RxSwift" */,
			);
			productRefGroup = A44065E12CB3B7FB005C3960 /* Products */;
			projectDirPath = "";
			projectRoot = "";
			targets = (
				A44065DF2CB3B7FB005C3960 /* KisilerUygulamasi */,
			);
		};
/* End PBXProject section */

/* Begin PBXResourcesBuildPhase section */
		A44065DE2CB3B7FB005C3960 /* Resources */ = {
			isa = PBXResourcesBuildPhase;
			buildActionMask = 2147483647;
			files = (
				A44065ED2CB3B7FC005C3960 /* Assets.xcassets in Resources */,
				A44065F02CB3B7FC005C3960 /* Base in Resources */,
				A44065EB2CB3B7FB005C3960 /* Base in Resources */,
			);
			runOnlyForDeploymentPostprocessing = 0;
		};
/* End PBXResourcesBuildPhase section */

/* Begin PBXSourcesBuildPhase section */
		A44065DC2CB3B7FB005C3960 /* Sources */ = {
			isa = PBXSourcesBuildPhase;
			buildActionMask = 2147483647;
			files = (
				A44065FC2CB3BA18005C3960 /* KisiKayit.swift in Sources */,
				A44066042CB3CDC3005C3960 /* KisilerHucre.swift in Sources */,
				A44065FF2CB3BA3D005C3960 /* KisiDetay.swift in Sources */,
				A44065E82CB3B7FB005C3960 /* Anasayfa.swift in Sources */,
				A464BCA32CB57BD100C59EA3 /* KisilerDaoRepository.swift in Sources */,
				A464BCA62CB57BFB00C59EA3 /* AnasayfaViewModel.swift in Sources */,
				A464BCAA2CB57C3200C59EA3 /* KisiDetayViewModel.swift in Sources */,
				A44065E42CB3B7FB005C3960 /* AppDelegate.swift in Sources */,
				A44065E62CB3B7FB005C3960 /* SceneDelegate.swift in Sources */,
				A44066012CB3BB36005C3960 /* Kisiler.swift in Sources */,
				A464BCA82CB57C1900C59EA3 /* KisiKayitViewModel.swift in Sources */,
			);
			runOnlyForDeploymentPostprocessing = 0;
		};
/* End PBXSourcesBuildPhase section */

/* Begin PBXVariantGroup section */
		A44065E92CB3B7FB005C3960 /* Main.storyboard */ = {
			isa = PBXVariantGroup;
			children = (
				A44065EA2CB3B7FB005C3960 /* Base */,
			);
			name = Main.storyboard;
			sourceTree = "<group>";
		};
		A44065EE2CB3B7FC005C3960 /* LaunchScreen.storyboard */ = {
			isa = PBXVariantGroup;
			children = (
				A44065EF2CB3B7FC005C3960 /* Base */,
			);
			name = LaunchScreen.storyboard;
			sourceTree = "<group>";
		};
/* End PBXVariantGroup section */

/* Begin XCBuildConfiguration section */
		A44065F22CB3B7FC005C3960 /* Debug */ = {
			isa = XCBuildConfiguration;
			buildSettings = {
				ALWAYS_SEARCH_USER_PATHS = NO;
				ASSETCATALOG_COMPILER_GENERATE_SWIFT_ASSET_SYMBOL_EXTENSIONS = YES;
				CLANG_ANALYZER_NONNULL = YES;
				CLANG_ANALYZER_NUMBER_OBJECT_CONVERSION = YES_AGGRESSIVE;
				CLANG_CXX_LANGUAGE_STANDARD = "gnu++20";
				CLANG_ENABLE_MODULES = YES;
				CLANG_ENABLE_OBJC_ARC = YES;
				CLANG_ENABLE_OBJC_WEAK = YES;
				CLANG_WARN_BLOCK_CAPTURE_AUTORELEASING = YES;
				CLANG_WARN_BOOL_CONVERSION = YES;
				CLANG_WARN_COMMA = YES;
				CLANG_WARN_CONSTANT_CONVERSION = YES;
				CLANG_WARN_DEPRECATED_OBJC_IMPLEMENTATIONS = YES;
				CLANG_WARN_DIRECT_OBJC_ISA_USAGE = YES_ERROR;
				CLANG_WARN_DOCUMENTATION_COMMENTS = YES;
				CLANG_WARN_EMPTY_BODY = YES;
				CLANG_WARN_ENUM_CONVERSION = YES;
				CLANG_WARN_INFINITE_RECURSION = YES;
				CLANG_WARN_INT_CONVERSION = YES;
				CLANG_WARN_NON_LITERAL_NULL_CONVERSION = YES;
				CLANG_WARN_OBJC_IMPLICIT_RETAIN_SELF = YES;
				CLANG_WARN_OBJC_LITERAL_CONVERSION = YES;
				CLANG_WARN_OBJC_ROOT_CLASS = YES_ERROR;
				CLANG_WARN_QUOTED_INCLUDE_IN_FRAMEWORK_HEADER = YES;
				CLANG_WARN_RANGE_LOOP_ANALYSIS = YES;
				CLANG_WARN_STRICT_PROTOTYPES = YES;
				CLANG_WARN_SUSPICIOUS_MOVE = YES;
				CLANG_WARN_UNGUARDED_AVAILABILITY = YES_AGGRESSIVE;
				CLANG_WARN_UNREACHABLE_CODE = YES;
				CLANG_WARN__DUPLICATE_METHOD_MATCH = YES;
				COPY_PHASE_STRIP = NO;
				DEBUG_INFORMATION_FORMAT = dwarf;
				ENABLE_STRICT_OBJC_MSGSEND = YES;
				ENABLE_TESTABILITY = YES;
				ENABLE_USER_SCRIPT_SANDBOXING = YES;
				GCC_C_LANGUAGE_STANDARD = gnu17;
				GCC_DYNAMIC_NO_PIC = NO;
				GCC_NO_COMMON_BLOCKS = YES;
				GCC_OPTIMIZATION_LEVEL = 0;
				GCC_PREPROCESSOR_DEFINITIONS = (
					"DEBUG=1",
					"$(inherited)",
				);
				GCC_WARN_64_TO_32_BIT_CONVERSION = YES;
				GCC_WARN_ABOUT_RETURN_TYPE = YES_ERROR;
				GCC_WARN_UNDECLARED_SELECTOR = YES;
				GCC_WARN_UNINITIALIZED_AUTOS = YES_AGGRESSIVE;
				GCC_WARN_UNUSED_FUNCTION = YES;
				GCC_WARN_UNUSED_VARIABLE = YES;
				IPHONEOS_DEPLOYMENT_TARGET = 17.4;
				LOCALIZATION_PREFERS_STRING_CATALOGS = YES;
				MTL_ENABLE_DEBUG_INFO = INCLUDE_SOURCE;
				MTL_FAST_MATH = YES;
				ONLY_ACTIVE_ARCH = YES;
				SDKROOT = iphoneos;
				SWIFT_ACTIVE_COMPILATION_CONDITIONS = "DEBUG $(inherited)";
				SWIFT_OPTIMIZATION_LEVEL = "-Onone";
			};
			name = Debug;
		};
		A44065F32CB3B7FC005C3960 /* Release */ = {
			isa = XCBuildConfiguration;
			buildSettings = {
				ALWAYS_SEARCH_USER_PATHS = NO;
				ASSETCATALOG_COMPILER_GENERATE_SWIFT_ASSET_SYMBOL_EXTENSIONS = YES;
				CLANG_ANALYZER_NONNULL = YES;
				CLANG_ANALYZER_NUMBER_OBJECT_CONVERSION = YES_AGGRESSIVE;
				CLANG_CXX_LANGUAGE_STANDARD = "gnu++20";
				CLANG_ENABLE_MODULES = YES;
				CLANG_ENABLE_OBJC_ARC = YES;
				CLANG_ENABLE_OBJC_WEAK = YES;
				CLANG_WARN_BLOCK_CAPTURE_AUTORELEASING = YES;
				CLANG_WARN_BOOL_CONVERSION = YES;
				CLANG_WARN_COMMA = YES;
				CLANG_WARN_CONSTANT_CONVERSION = YES;
				CLANG_WARN_DEPRECATED_OBJC_IMPLEMENTATIONS = YES;
				CLANG_WARN_DIRECT_OBJC_ISA_USAGE = YES_ERROR;
				CLANG_WARN_DOCUMENTATION_COMMENTS = YES;
				CLANG_WARN_EMPTY_BODY = YES;
				CLANG_WARN_ENUM_CONVERSION = YES;
				CLANG_WARN_INFINITE_RECURSION = YES;
				CLANG_WARN_INT_CONVERSION = YES;
				CLANG_WARN_NON_LITERAL_NULL_CONVERSION = YES;
				CLANG_WARN_OBJC_IMPLICIT_RETAIN_SELF = YES;
				CLANG_WARN_OBJC_LITERAL_CONVERSION = YES;
				CLANG_WARN_OBJC_ROOT_CLASS = YES_ERROR;
				CLANG_WARN_QUOTED_INCLUDE_IN_FRAMEWORK_HEADER = YES;
				CLANG_WARN_RANGE_LOOP_ANALYSIS = YES;
				CLANG_WARN_STRICT_PROTOTYPES = YES;
				CLANG_WARN_SUSPICIOUS_MOVE = YES;
				CLANG_WARN_UNGUARDED_AVAILABILITY = YES_AGGRESSIVE;
				CLANG_WARN_UNREACHABLE_CODE = YES;
				CLANG_WARN__DUPLICATE_METHOD_MATCH = YES;
				COPY_PHASE_STRIP = NO;
				DEBUG_INFORMATION_FORMAT = "dwarf-with-dsym";
				ENABLE_NS_ASSERTIONS = NO;
				ENABLE_STRICT_OBJC_MSGSEND = YES;
				ENABLE_USER_SCRIPT_SANDBOXING = YES;
				GCC_C_LANGUAGE_STANDARD = gnu17;
				GCC_NO_COMMON_BLOCKS = YES;
				GCC_WARN_64_TO_32_BIT_CONVERSION = YES;
				GCC_WARN_ABOUT_RETURN_TYPE = YES_ERROR;
				GCC_WARN_UNDECLARED_SELECTOR = YES;
				GCC_WARN_UNINITIALIZED_AUTOS = YES_AGGRESSIVE;
				GCC_WARN_UNUSED_FUNCTION = YES;
				GCC_WARN_UNUSED_VARIABLE = YES;
				IPHONEOS_DEPLOYMENT_TARGET = 17.4;
				LOCALIZATION_PREFERS_STRING_CATALOGS = YES;
				MTL_ENABLE_DEBUG_INFO = NO;
				MTL_FAST_MATH = YES;
				SDKROOT = iphoneos;
				SWIFT_COMPILATION_MODE = wholemodule;
				VALIDATE_PRODUCT = YES;
			};
			name = Release;
		};
		A44065F52CB3B7FC005C3960 /* Debug */ = {
			isa = XCBuildConfiguration;
			buildSettings = {
				ASSETCATALOG_COMPILER_APPICON_NAME = AppIcon;
				ASSETCATALOG_COMPILER_GLOBAL_ACCENT_COLOR_NAME = AccentColor;
				CODE_SIGN_STYLE = Automatic;
				CURRENT_PROJECT_VERSION = 1;
				GENERATE_INFOPLIST_FILE = YES;
				INFOPLIST_FILE = KisilerUygulamasi/Info.plist;
				INFOPLIST_KEY_UIApplicationSupportsIndirectInputEvents = YES;
				INFOPLIST_KEY_UILaunchStoryboardName = LaunchScreen;
				INFOPLIST_KEY_UIMainStoryboardFile = Main;
				INFOPLIST_KEY_UISupportedInterfaceOrientations_iPad = "UIInterfaceOrientationPortrait UIInterfaceOrientationPortraitUpsideDown UIInterfaceOrientationLandscapeLeft UIInterfaceOrientationLandscapeRight";
				INFOPLIST_KEY_UISupportedInterfaceOrientations_iPhone = "UIInterfaceOrientationPortrait UIInterfaceOrientationLandscapeLeft UIInterfaceOrientationLandscapeRight";
				LD_RUNPATH_SEARCH_PATHS = (
					"$(inherited)",
					"@executable_path/Frameworks",
				);
				MARKETING_VERSION = 1.0;
				PRODUCT_BUNDLE_IDENTIFIER = com.sumeyyesudeince.KisilerUygulamasi;
				PRODUCT_NAME = "$(TARGET_NAME)";
				SWIFT_EMIT_LOC_STRINGS = YES;
				SWIFT_VERSION = 5.0;
				TARGETED_DEVICE_FAMILY = "1,2";
			};
			name = Debug;
		};
		A44065F62CB3B7FC005C3960 /* Release */ = {
			isa = XCBuildConfiguration;
			buildSettings = {
				ASSETCATALOG_COMPILER_APPICON_NAME = AppIcon;
				ASSETCATALOG_COMPILER_GLOBAL_ACCENT_COLOR_NAME = AccentColor;
				CODE_SIGN_STYLE = Automatic;
				CURRENT_PROJECT_VERSION = 1;
				GENERATE_INFOPLIST_FILE = YES;
				INFOPLIST_FILE = KisilerUygulamasi/Info.plist;
				INFOPLIST_KEY_UIApplicationSupportsIndirectInputEvents = YES;
				INFOPLIST_KEY_UILaunchStoryboardName = LaunchScreen;
				INFOPLIST_KEY_UIMainStoryboardFile = Main;
				INFOPLIST_KEY_UISupportedInterfaceOrientations_iPad = "UIInterfaceOrientationPortrait UIInterfaceOrientationPortraitUpsideDown UIInterfaceOrientationLandscapeLeft UIInterfaceOrientationLandscapeRight";
				INFOPLIST_KEY_UISupportedInterfaceOrientations_iPhone = "UIInterfaceOrientationPortrait UIInterfaceOrientationLandscapeLeft UIInterfaceOrientationLandscapeRight";
				LD_RUNPATH_SEARCH_PATHS = (
					"$(inherited)",
					"@executable_path/Frameworks",
				);
				MARKETING_VERSION = 1.0;
				PRODUCT_BUNDLE_IDENTIFIER = com.sumeyyesudeince.KisilerUygulamasi;
				PRODUCT_NAME = "$(TARGET_NAME)";
				SWIFT_EMIT_LOC_STRINGS = YES;
				SWIFT_VERSION = 5.0;
				TARGETED_DEVICE_FAMILY = "1,2";
			};
			name = Release;
		};
/* End XCBuildConfiguration section */

/* Begin XCConfigurationList section */
		A44065DB2CB3B7FA005C3960 /* Build configuration list for PBXProject "KisilerUygulamasi" */ = {
			isa = XCConfigurationList;
			buildConfigurations = (
				A44065F22CB3B7FC005C3960 /* Debug */,
				A44065F32CB3B7FC005C3960 /* Release */,
			);
			defaultConfigurationIsVisible = 0;
			defaultConfigurationName = Release;
		};
		A44065F42CB3B7FC005C3960 /* Build configuration list for PBXNativeTarget "KisilerUygulamasi" */ = {
			isa = XCConfigurationList;
			buildConfigurations = (
				A44065F52CB3B7FC005C3960 /* Debug */,
				A44065F62CB3B7FC005C3960 /* Release */,
			);
			defaultConfigurationIsVisible = 0;
			defaultConfigurationName = Release;
		};
/* End XCConfigurationList section */

/* Begin XCRemoteSwiftPackageReference section */
		A464BC9E2CB57B9000C59EA3 /* XCRemoteSwiftPackageReference "RxSwift" */ = {
			isa = XCRemoteSwiftPackageReference;
			repositoryURL = "https://github.com/ReactiveX/RxSwift.git";
			requirement = {
				kind = upToNextMajorVersion;
				minimumVersion = 6.8.0;
			};
		};
/* End XCRemoteSwiftPackageReference section */

/* Begin XCSwiftPackageProductDependency section */
		A464BC9F2CB57B9000C59EA3 /* RxSwift */ = {
			isa = XCSwiftPackageProductDependency;
			package = A464BC9E2CB57B9000C59EA3 /* XCRemoteSwiftPackageReference "RxSwift" */;
			productName = RxSwift;
		};
/* End XCSwiftPackageProductDependency section */
	};
	rootObject = A44065D82CB3B7FA005C3960 /* Project object */;
}
